
Microsoft Visual Studio Solution File, Format Version 12.00
# Visual Studio Version 17
VisualStudioVersion = 17.10.35027.167
MinimumVisualStudioVersion = 10.0.40219.1
Project("{FAE04EC0-301F-11D3-BF4B-00C04F79EFBC}") = "RayTracing", "RayTracing.csproj", "{BCA84DE0-23B3-436B-A790-D41B16897010}"
EndProject
Global
	GlobalSection(SolutionConfigurationPlatforms) = preSolution
		Debug|Any CPU = Debug|Any CPU
		Release|Any CPU = Release|Any CPU
	EndGlobalSection
	GlobalSection(ProjectConfigurationPlatforms) = postSolution
		{BCA84DE0-23B3-436B-A790-D41B16897010}.Debug|Any CPU.ActiveCfg = Debug|Any CPU
		{BCA84DE0-23B3-436B-A790-D41B16897010}.Debug|Any CPU.Build.0 = Debug|Any CPU
		{BCA84DE0-23B3-436B-A790-D41B16897010}.Release|Any CPU.ActiveCfg = Release|Any CPU
		{BCA84DE0-23B3-436B-A790-D41B16897010}.Release|Any CPU.Build.0 = Release|Any CPU
	EndGlobalSection
	GlobalSection(SolutionProperties) = preSolution
		HideSolutionNode = FALSE
	EndGlobalSection
	GlobalSection(ExtensibilityGlobals) = postSolution
		SolutionGuid = {B77D77DC-F107-4537-A37E-0391050A53B6}
	EndGlobalSection
EndGlobal
